# This file was autogenerated by Stack.
# You should not edit this file by hand.
# For more information, please see the documentation at:
#   https://docs.haskellstack.org/en/stable/lock_files

packages:
- completed:
    hackage: hspec-2.7.1@sha256:0aa48928ce80a34f8ff8c5ef114bb6807edfb8d884bcd7211eceed710e7fb7a8,1769
    pantry-tree:
      size: 532
      sha256: 8128733a7ef4760bbe5d978f2145fdcb29f4491b17db11e8c05b409441ceecb4
  original:
    hackage: hspec-2.7.1
- completed:
    hackage: containers-0.6.0.1@sha256:50024f330653c702a339f7743522b3c2a4fff9c6bf5a7071affe270da2ee649a,15843
    pantry-tree:
      size: 4933
      sha256: 9a33a9d98310bf01b0ee2dd041dfdaaabfcbc07547a4c60443678a22cb114299
  original:
    hackage: containers-0.6.0.1
- completed:
    hackage: unordered-containers-0.2.10.0@sha256:5e9b095a9283d9e2f064fec73a81a6b6ea0b7fda3f219a8175785d2d2a3de204,5199
    pantry-tree:
      size: 1415
      sha256: dfc2d75f4e59c03e2c68be6909b577f26991367134eaac06a407e940e66856ae
  original:
    hackage: unordered-containers-0.2.10.0
- completed:
    hackage: hashable-1.2.7.0@sha256:03b6836ca9cd3ad0e5a2f3cce989b001dd0e05f306a873db3196037adb30e0a4,5215
    pantry-tree:
      size: 1514
      sha256: 901c4f10bcf6bda842b849950a2767c918f4ed59fa8885f7c945dd6c7e763332
  original:
    hackage: hashable-1.2.7.0
snapshots:
- completed:
    size: 524804
    url: https://raw.githubusercontent.com/commercialhaskell/stackage-snapshots/master/lts/14/16.yaml
    sha256: 4d1519a4372d051d47a5eae2241cf3fb54e113d7475f89707ddb6ec06add2888
  original: lts-14.16
